version = 1
revision = 3
requires-python = "==3.13.*"

[[package]]
name = "cffi"
version = "2.0.0"
source = { registry = "https://pypi.org/simple" }
dependencies = [
    { name = "pycparser", marker = "implementation_name != 'PyPy'" },
]
sdist = { url = "https://files.pythonhosted.org/packages/eb/56/b1ba7935a17738ae8453301356628e8147c79dbb825bcbc73dc7401f9846/cffi-2.0.0.tar.gz", hash = "sha256:44d1b5909021139fe36001ae048dbdde8214afa20200eda0f64c068cac5d5529", size = 523588, upload-time = "2025-09-08T23:24:04.541Z" }
wheels = [
    { url = "https://files.pythonhosted.org/packages/4b/8d/a0a47a0c9e413a658623d014e91e74a50cdd2c423f7ccfd44086ef767f90/cffi-2.0.0-cp313-cp313-macosx_10_13_x86_64.whl", hash = "sha256:00bdf7acc5f795150faa6957054fbbca2439db2f775ce831222b66f192f03beb", size = 185230, upload-time = "2025-09-08T23:23:00.879Z" },
    { url = "https://files.pythonhosted.org/packages/4a/d2/a6c0296814556c68ee32009d9c2ad4f85f2707cdecfd7727951ec228005d/cffi-2.0.0-cp313-cp313-macosx_11_0_arm64.whl", hash = "sha256:45d5e886156860dc35862657e1494b9bae8dfa63bf56796f2fb56e1679fc0bca", size = 181043, upload-time = "2025-09-08T23:23:02.231Z" },
    { url = "https://files.pythonhosted.org/packages/b0/1e/d22cc63332bd59b06481ceaac49d6c507598642e2230f201649058a7e704/cffi-2.0.0-cp313-cp313-manylinux1_i686.manylinux2014_i686.manylinux_2_17_i686.manylinux_2_5_i686.whl", hash = "sha256:07b271772c100085dd28b74fa0cd81c8fb1a3ba18b21e03d7c27f3436a10606b", size = 212446, upload-time = "2025-09-08T23:23:03.472Z" },
    { url = "https://files.pythonhosted.org/packages/a9/f5/a2c23eb03b61a0b8747f211eb716446c826ad66818ddc7810cc2cc19b3f2/cffi-2.0.0-cp313-cp313-manylinux2014_aarch64.manylinux_2_17_aarch64.whl", hash = "sha256:d48a880098c96020b02d5a1f7d9251308510ce8858940e6fa99ece33f610838b", size = 220101, upload-time = "2025-09-08T23:23:04.792Z" },
    { url = "https://files.pythonhosted.org/packages/f2/7f/e6647792fc5850d634695bc0e6ab4111ae88e89981d35ac269956605feba/cffi-2.0.0-cp313-cp313-manylinux2014_ppc64le.manylinux_2_17_ppc64le.whl", hash = "sha256:f93fd8e5c8c0a4aa1f424d6173f14a892044054871c771f8566e4008eaa359d2", size = 207948, upload-time = "2025-09-08T23:23:06.127Z" },
    { url = "https://files.pythonhosted.org/packages/cb/1e/a5a1bd6f1fb30f22573f76533de12a00bf274abcdc55c8edab639078abb6/cffi-2.0.0-cp313-cp313-manylinux2014_s390x.manylinux_2_17_s390x.whl", hash = "sha256:dd4f05f54a52fb558f1ba9f528228066954fee3ebe629fc1660d874d040ae5a3", size = 206422, upload-time = "2025-09-08T23:23:07.753Z" },
    { url = "https://files.pythonhosted.org/packages/98/df/0a1755e750013a2081e863e7cd37e0cdd02664372c754e5560099eb7aa44/cffi-2.0.0-cp313-cp313-manylinux2014_x86_64.manylinux_2_17_x86_64.whl", hash = "sha256:c8d3b5532fc71b7a77c09192b4a5a200ea992702734a2e9279a37f2478236f26", size = 219499, upload-time = "2025-09-08T23:23:09.648Z" },
    { url = "https://files.pythonhosted.org/packages/50/e1/a969e687fcf9ea58e6e2a928ad5e2dd88cc12f6f0ab477e9971f2309b57c/cffi-2.0.0-cp313-cp313-musllinux_1_2_aarch64.whl", hash = "sha256:d9b29c1f0ae438d5ee9acb31cadee00a58c46cc9c0b2f9038c6b0b3470877a8c", size = 222928, upload-time = "2025-09-08T23:23:10.928Z" },
    { url = "https://files.pythonhosted.org/packages/36/54/0362578dd2c9e557a28ac77698ed67323ed5b9775ca9d3fe73fe191bb5d8/cffi-2.0.0-cp313-cp313-musllinux_1_2_x86_64.whl", hash = "sha256:6d50360be4546678fc1b79ffe7a66265e28667840010348dd69a314145807a1b", size = 221302, upload-time = "2025-09-08T23:23:12.42Z" },
    { url = "https://files.pythonhosted.org/packages/eb/6d/bf9bda840d5f1dfdbf0feca87fbdb64a918a69bca42cfa0ba7b137c48cb8/cffi-2.0.0-cp313-cp313-win32.whl", hash = "sha256:74a03b9698e198d47562765773b4a8309919089150a0bb17d829ad7b44b60d27", size = 172909, upload-time = "2025-09-08T23:23:14.32Z" },
    { url = "https://files.pythonhosted.org/packages/37/18/6519e1ee6f5a1e579e04b9ddb6f1676c17368a7aba48299c3759bbc3c8b3/cffi-2.0.0-cp313-cp313-win_amd64.whl", hash = "sha256:19f705ada2530c1167abacb171925dd886168931e0a7b78f5bffcae5c6b5be75", size = 183402, upload-time = "2025-09-08T23:23:15.535Z" },
    { url = "https://files.pythonhosted.org/packages/cb/0e/02ceeec9a7d6ee63bb596121c2c8e9b3a9e150936f4fbef6ca1943e6137c/cffi-2.0.0-cp313-cp313-win_arm64.whl", hash = "sha256:256f80b80ca3853f90c21b23ee78cd008713787b1b1e93eae9f3d6a7134abd91", size = 177780, upload-time = "2025-09-08T23:23:16.761Z" },
]

[[package]]
name = "colorama"
version = "0.4.6"
source = { registry = "https://pypi.org/simple" }
sdist = { url = "https://files.pythonhosted.org/packages/d8/53/6f443c9a4a8358a93a6792e2acffb9d9d5cb0a5cfd8802644b7b1c9a02e4/colorama-0.4.6.tar.gz", hash = "sha256:08695f5cb7ed6e0531a20572697297273c47b8cae5a63ffc6d6ed5c201be6e44", size = 27697, upload-time = "2022-10-25T02:36:22.414Z" }
wheels = [
    { url = "https://files.pythonhosted.org/packages/d1/d6/3965ed04c63042e047cb6a3e6ed1a63a35087b6a609aa3a15ed8ac56c221/colorama-0.4.6-py2.py3-none-any.whl", hash = "sha256:4f1d9991f5acc0ca119f9d443620b77f9d6b33703e51011c16baf57afb285fc6", size = 25335, upload-time = "2022-10-25T02:36:20.889Z" },
]

[[package]]
name = "function-equivalence-test"
version = "0.1.0"
source = { virtual = "." }
dependencies = [
    { name = "cffi" },
    { name = "hypothesis" },
    { name = "numpy" },
    { name = "pytest" },
    { name = "setuptools" },
]

[package.metadata]
requires-dist = [
    { name = "cffi" },
    { name = "hypothesis" },
    { name = "numpy" },
    { name = "pytest" },
    { name = "setuptools", specifier = ">=82.0.1" },
]

[[package]]
name = "hypothesis"
version = "6.151.10"
source = { registry = "https://pypi.org/simple" }
dependencies = [
    { name = "sortedcontainers" },
]
sdist = { url = "https://files.pythonhosted.org/packages/f5/dd/633e2cd62377333b7681628aee2ec1d88166f5bdf916b08c98b1e8288ad3/hypothesis-6.151.10.tar.gz", hash = "sha256:6c9565af8b4aa3a080b508f66ce9c2a77dd613c7e9073e27fc7e4ef9f45f8a27", size = 463762, upload-time = "2026-03-29T01:06:22.19Z" }
wheels = [
    { url = "https://files.pythonhosted.org/packages/40/da/439bb2e451979f5e88c13bbebc3e9e17754429cfb528c93677b2bd81783b/hypothesis-6.151.10-py3-none-any.whl", hash = "sha256:b0d7728f0c8c2be009f89fcdd6066f70c5439aa0f94adbb06e98261d05f49b05", size = 529493, upload-time = "2026-03-29T01:06:19.161Z" },
]

[[package]]
name = "iniconfig"
version = "2.3.0"
source = { registry = "https://pypi.org/simple" }
sdist = { url = "https://files.pythonhosted.org/packages/72/34/14ca021ce8e5dfedc35312d08ba8bf51fdd999c576889fc2c24cb97f4f10/iniconfig-2.3.0.tar.gz", hash = "sha256:c76315c77db068650d49c5b56314774a7804df16fee4402c1f19d6d15d8c4730", size = 20503, upload-time = "2025-10-18T21:55:43.219Z" }
wheels = [
    { url = "https://files.pythonhosted.org/packages/cb/b1/3846dd7f199d53cb17f49cba7e651e9ce294d8497c8c150530ed11865bb8/iniconfig-2.3.0-py3-none-any.whl", hash = "sha256:f631c04d2c48c52b84d0d0549c99ff3859c98df65b3101406327ecc7d53fbf12", size = 7484, upload-time = "2025-10-18T21:55:41.639Z" },
]

[[package]]
name = "numpy"
version = "2.4.6"
source = { registry = "https://pypi.org/simple" }
sdist = { url = "https://files.pythonhosted.org/packages/d0/ad/fed0499ce6a338d2a03ebae59cd15093910c8875328855781952abf6c2fe/numpy-2.4.6.tar.gz", hash = "sha256:f3a3570c4a2a16746ac2c31a7c7c7b0c186b95ce902e33db6f28094ed7387dda", size = 20735807, upload-time = "2026-05-18T23:37:14.07Z" }
wheels = [
    { url = "https://files.pythonhosted.org/packages/fb/82/bdab26d7438c6791ca31b7c024ca37c1eab8b726ba236129005cd4a06e45/numpy-2.4.6-cp313-cp313-macosx_10_13_x86_64.whl", hash = "sha256:511dbaf848decaaaf4b4ca48032619fb3138710c4bf7da7617765edad1ef96b0", size = 16684648, upload-time = "2026-05-18T23:34:29.41Z" },
    { url = "https://files.pythonhosted.org/packages/1b/30/a80189bcc7f5e4258b3fbc3968d909d1756f54d023299ecc39ad6fdb9ef8/numpy-2.4.6-cp313-cp313-macosx_11_0_arm64.whl", hash = "sha256:bf162abab1c1a736333192707cef898e735a5ca00f38f27eeedf44b39d9e85eb", size = 14693902, upload-time = "2026-05-18T23:34:33.013Z" },
    { url = "https://files.pythonhosted.org/packages/97/12/70b5d0d7c15e1ebb8a6a84a8caa1d19e181d84fb58bb6d70aca29099dec1/numpy-2.4.6-cp313-cp313-macosx_14_0_arm64.whl", hash = "sha256:043191bfa8eab18c776647b62723ac9dddece59743b13f49b2016094129c2b3f", size = 5198992, upload-time = "2026-05-18T23:34:36.132Z" },
    { url = "https://files.pythonhosted.org/packages/ba/8c/ebd2a8f8a83541f8d38cc5667e8c2b69cecfd30da6e45693e8158857d44b/numpy-2.4.6-cp313-cp313-macosx_14_0_x86_64.whl", hash = "sha256:6180d8b35af935aed8ece3a85e0a43f87393ae0ac87c8d2c8bd2c993f7270ef3", size = 6546944, upload-time = "2026-05-18T23:34:38.484Z" },
    { url = "https://files.pythonhosted.org/packages/bb/c5/7b863a97a91671a0338f4253bd3b5a3d3852f0692dae91711c9f4a10e787/numpy-2.4.6-cp313-cp313-manylinux_2_27_aarch64.manylinux_2_28_aarch64.whl", hash = "sha256:72fbe16c6fac95aedf5937fa873445cec2110be35d8a4e9433d7501fd98dae6b", size = 15669392, upload-time = "2026-05-18T23:34:41.257Z" },
    { url = "https://files.pythonhosted.org/packages/a5/9d/3584b9984ca4c047aea75214ce1a4c4c73d849bd71b604264b7f5653f8a8/numpy-2.4.6-cp313-cp313-manylinux_2_27_x86_64.manylinux_2_28_x86_64.whl", hash = "sha256:a7830bab239b79cda9c08c2da014761cafb48da6150e1da17ac06283f43b6089", size = 16633220, upload-time = "2026-05-18T23:34:45.075Z" },
    { url = "https://files.pythonhosted.org/packages/05/ae/7c67fba23bd98caec7c99261f3a16072ade14813486b0282cb29846de832/numpy-2.4.6-cp313-cp313-musllinux_1_2_aarch64.whl", hash = "sha256:ef4aea96ce4d3b074422cb4f2f64e216bf9e213004bb58ecfdf50ea02ea8eb9a", size = 17020800, upload-time = "2026-05-18T23:34:49.065Z" },
    { url = "https://files.pythonhosted.org/packages/d9/5d/3b6725cb31d983c5e66916f5d36f6d7e5521129e4c4404d64f918292a5b6/numpy-2.4.6-cp313-cp313-musllinux_1_2_x86_64.whl", hash = "sha256:dfa20cc6ca228e6b155b11da03825975ce66aea520985dbbddf0f2a5a495c605", size = 18357600, upload-time = "2026-05-18T23:34:52.709Z" },
    { url = "https://files.pythonhosted.org/packages/f7/da/2ccc6c2fe8898dee01d90c75c5f5f914a23daf99e3e0f59516a08760c8b5/numpy-2.4.6-cp313-cp313-win32.whl", hash = "sha256:56b39e5e0622a09a25bf5baf62f4bcf0cb8a41ae6e2819cf49bbc5a74c083f91", size = 5961134, upload-time = "2026-05-18T23:34:55.618Z" },
    { url = "https://files.pythonhosted.org/packages/b5/cd/9cc4dc876fb065d5c220aae4d5e14826b2715331bb7618ce1fb07a679d99/numpy-2.4.6-cp313-cp313-win_amd64.whl", hash = "sha256:c4fc99836233ea196540b17ab0983aff60ed07941751930f5f4d05bc3b3b7359", size = 12318598, upload-time = "2026-05-18T23:34:58.928Z" },
    { url = "https://files.pythonhosted.org/packages/39/1e/c0bcba1f8694116485fe28fd1be698c278fcda4141c5b0e53a2aed8b12a8/numpy-2.4.6-cp313-cp313-win_arm64.whl", hash = "sha256:a7c711e21628b52034bb5ab8d1bce291f752fcc5e92accc615778acee1ff4778", size = 10222272, upload-time = "2026-05-18T23:35:02.167Z" },
    { url = "https://files.pythonhosted.org/packages/63/6d/cc5619247c8f4204e507f5883528372e4ac4bb189e579fb859a12e480b1f/numpy-2.4.6-cp313-cp313t-macosx_11_0_arm64.whl", hash = "sha256:112b06a867b235ef466ed3508ddf0238050df9c727cafb5301ac385b899189a1", size = 14821197, upload-time = "2026-05-18T23:35:05.468Z" },
    { url = "https://files.pythonhosted.org/packages/00/58/f1c39161c87d9e9bed660f1ed4bafc0e403d5ec9650b6dd77aead07d489b/numpy-2.4.6-cp313-cp313t-macosx_14_0_arm64.whl", hash = "sha256:eaf7fa2de5c0be8ae6ff8e9bea2ccd725e980541244521d8d4b5f3354a27babe", size = 5326287, upload-time = "2026-05-18T23:35:08.693Z" },
    { url = "https://files.pythonhosted.org/packages/af/57/3917ab0fd97f271a8694513581b8a36c655f111c446852c302f04ccdb6fc/numpy-2.4.6-cp313-cp313t-macosx_14_0_x86_64.whl", hash = "sha256:7265a2f3d436e54ef9f2b52b5c937e6be778781bd97a590319d7348f1c1ca997", size = 6646763, upload-time = "2026-05-18T23:35:11.459Z" },
    { url = "https://files.pythonhosted.org/packages/eb/0f/037e64c494b67581ae18193d770adef354c41f3f2c8ebf865602d949bf8f/numpy-2.4.6-cp313-cp313t-manylinux_2_27_aarch64.manylinux_2_28_aarch64.whl", hash = "sha256:f74a575920ab21fe304421a3fc28793d82e299cae9eccb37084e9fc7f3617c20", size = 15728070, upload-time = "2026-05-18T23:35:14.79Z" },
    { url = "https://files.pythonhosted.org/packages/21/a6/5d2bae9c9542eb4df16dc9c46dc79c186e9bad53805dfa5399a6023c6db0/numpy-2.4.6-cp313-cp313t-manylinux_2_27_x86_64.manylinux_2_28_x86_64.whl", hash = "sha256:ede83e07a75dd06bc501566c1eca2afc0d61677c1472ac9ad93fdee6e638a48d", size = 16681752, upload-time = "2026-05-18T23:35:18.836Z" },
    { url = "https://files.pythonhosted.org/packages/92/14/23d1dfb410ae362cd59ce53e936b1513d545eb40db3949ced632e19a459e/numpy-2.4.6-cp313-cp313t-musllinux_1_2_aarch64.whl", hash = "sha256:68bb27509ac1b9a3443094260f6326150663b06abe40b73a2f81160623da5b67", size = 17086024, upload-time = "2026-05-18T23:35:22.52Z" },
    { url = "https://files.pythonhosted.org/packages/4b/6e/23595a2c642cdf3bc567877064bdd7f91c8b0038a4453cf2daf7248eafe9/numpy-2.4.6-cp313-cp313t-musllinux_1_2_x86_64.whl", hash = "sha256:a0df0043bdb289bde1f62da130d20df23d58b45429f752bc7a8fc5325a225ecd", size = 18403398, upload-time = "2026-05-18T23:35:26.398Z" },
    { url = "https://files.pythonhosted.org/packages/8a/90/0ac3bc947217e66dec77e7cbc6a1979d1af70b6461b82f620d3bccd5e4c8/numpy-2.4.6-cp313-cp313t-win32.whl", hash = "sha256:29a287e0cf63ff528da061de6b9f64a4618da591ca1046aafc54062e40ca7eab", size = 6084971, upload-time = "2026-05-18T23:35:29.387Z" },
    { url = "https://files.pythonhosted.org/packages/77/71/5673e351671a1d2bd6063b91b44f70c0affea7d1516fa7a6572941ba4aa1/numpy-2.4.6-cp313-cp313t-win_amd64.whl", hash = "sha256:25c692919ac5a01f170a3bfcd62d745b24fd095c353d50812637d6fcab442e75", size = 12458532, upload-time = "2026-05-18T23:35:32.175Z" },
    { url = "https://files.pythonhosted.org/packages/3f/88/19d3503c5046e688f049274b27a3ef3d771152fa80d3ba3d01a3dff61abe/numpy-2.4.6-cp313-cp313t-win_arm64.whl", hash = "sha256:1e978ec1e8bd0e0e4de6bb75de9d30cbb74db6b6a2bb727618613703ca0167dd", size = 10291881, upload-time = "2026-05-18T23:35:35.465Z" },
]

[[package]]
name = "packaging"
version = "26.0"
source = { registry = "https://pypi.org/simple" }
sdist = { url = "https://files.pythonhosted.org/packages/65/ee/299d360cdc32edc7d2cf530f3accf79c4fca01e96ffc950d8a52213bd8e4/packaging-26.0.tar.gz", hash = "sha256:00243ae351a257117b6a241061796684b084ed1c516a08c48a3f7e147a9d80b4", size = 143416, upload-time = "2026-01-21T20:50:39.064Z" }
wheels = [
    { url = "https://files.pythonhosted.org/packages/b7/b9/c538f279a4e237a006a2c98387d081e9eb060d203d8ed34467cc0f0b9b53/packaging-26.0-py3-none-any.whl", hash = "sha256:b36f1fef9334a5588b4166f8bcd26a14e521f2b55e6b9de3aaa80d3ff7a37529", size = 74366, upload-time = "2026-01-21T20:50:37.788Z" },
]

[[package]]
name = "pluggy"
version = "1.6.0"
source = { registry = "https://pypi.org/simple" }
sdist = { url = "https://files.pythonhosted.org/packages/f9/e2/3e91f31a7d2b083fe6ef3fa267035b518369d9511ffab804f839851d2779/pluggy-1.6.0.tar.gz", hash = "sha256:7dcc130b76258d33b90f61b658791dede3486c3e6bfb003ee5c9bfb396dd22f3", size = 69412, upload-time = "2025-05-15T12:30:07.975Z" }
wheels = [
    { url = "https://files.pythonhosted.org/packages/54/20/4d324d65cc6d9205fabedc306948156824eb9f0ee1633355a8f7ec5c66bf/pluggy-1.6.0-py3-none-any.whl", hash = "sha256:e920276dd6813095e9377c0bc5566d94c932c33b27a3e3945d8389c374dd4746", size = 20538, upload-time = "2025-05-15T12:30:06.134Z" },
]

[[package]]
name = "pycparser"
version = "3.0"
source = { registry = "https://pypi.org/simple" }
sdist = { url = "https://files.pythonhosted.org/packages/1b/7d/92392ff7815c21062bea51aa7b87d45576f649f16458d78b7cf94b9ab2e6/pycparser-3.0.tar.gz", hash = "sha256:600f49d217304a5902ac3c37e1281c9fe94e4d0489de643a9504c5cdfdfc6b29", size = 103492, upload-time = "2026-01-21T14:26:51.89Z" }
wheels = [
    { url = "https://files.pythonhosted.org/packages/0c/c3/44f3fbbfa403ea2a7c779186dc20772604442dde72947e7d01069cbe98e3/pycparser-3.0-py3-none-any.whl", hash = "sha256:b727414169a36b7d524c1c3e31839a521725078d7b2ff038656844266160a992", size = 48172, upload-time = "2026-01-21T14:26:50.693Z" },
]

[[package]]
name = "pygments"
version = "2.20.0"
source = { registry = "https://pypi.org/simple" }
sdist = { url = "https://files.pythonhosted.org/packages/c3/b2/bc9c9196916376152d655522fdcebac55e66de6603a76a02bca1b6414f6c/pygments-2.20.0.tar.gz", hash = "sha256:6757cd03768053ff99f3039c1a36d6c0aa0b263438fcab17520b30a303a82b5f", size = 4955991, upload-time = "2026-03-29T13:29:33.898Z" }
wheels = [
    { url = "https://files.pythonhosted.org/packages/f4/7e/a72dd26f3b0f4f2bf1dd8923c85f7ceb43172af56d63c7383eb62b332364/pygments-2.20.0-py3-none-any.whl", hash = "sha256:81a9e26dd42fd28a23a2d169d86d7ac03b46e2f8b59ed4698fb4785f946d0176", size = 1231151, upload-time = "2026-03-29T13:29:30.038Z" },
]

[[package]]
name = "pytest"
version = "9.0.2"
source = { registry = "https://pypi.org/simple" }
dependencies = [
    { name = "colorama", marker = "sys_platform == 'win32'" },
    { name = "iniconfig" },
    { name = "packaging" },
    { name = "pluggy" },
    { name = "pygments" },
]
sdist = { url = "https://files.pythonhosted.org/packages/d1/db/7ef3487e0fb0049ddb5ce41d3a49c235bf9ad299b6a25d5780a89f19230f/pytest-9.0.2.tar.gz", hash = "sha256:75186651a92bd89611d1d9fc20f0b4345fd827c41ccd5c299a868a05d70edf11", size = 1568901, upload-time = "2025-12-06T21:30:51.014Z" }
wheels = [
    { url = "https://files.pythonhosted.org/packages/3b/ab/b3226f0bd7cdcf710fbede2b3548584366da3b19b5021e74f5bde2a8fa3f/pytest-9.0.2-py3-none-any.whl", hash = "sha256:711ffd45bf766d5264d487b917733b453d917afd2b0ad65223959f59089f875b", size = 374801, upload-time = "2025-12-06T21:30:49.154Z" },
]

[[package]]
name = "setuptools"
version = "82.0.1"
source = { registry = "https://pypi.org/simple" }
sdist = { url = "https://files.pythonhosted.org/packages/4f/db/cfac1baf10650ab4d1c111714410d2fbb77ac5a616db26775db562c8fab2/setuptools-82.0.1.tar.gz", hash = "sha256:7d872682c5d01cfde07da7bccc7b65469d3dca203318515ada1de5eda35efbf9", size = 1152316, upload-time = "2026-03-09T12:47:17.221Z" }
wheels = [
    { url = "https://files.pythonhosted.org/packages/9d/76/f789f7a86709c6b087c5a2f52f911838cad707cc613162401badc665acfe/setuptools-82.0.1-py3-none-any.whl", hash = "sha256:a59e362652f08dcd477c78bb6e7bd9d80a7995bc73ce773050228a348ce2e5bb", size = 1006223, upload-time = "2026-03-09T12:47:15.026Z" },
]

[[package]]
name = "sortedcontainers"
version = "2.4.0"
source = { registry = "https://pypi.org/simple" }
sdist = { url = "https://files.pythonhosted.org/packages/e8/c4/ba2f8066cceb6f23394729afe52f3bf7adec04bf9ed2c820b39e19299111/sortedcontainers-2.4.0.tar.gz", hash = "sha256:25caa5a06cc30b6b83d11423433f65d1f9d76c4c6a0c90e3379eaa43b9bfdb88", size = 30594, upload-time = "2021-05-16T22:03:42.897Z" }
wheels = [
    { url = "https://files.pythonhosted.org/packages/32/46/9cb0e58b2deb7f82b84065f37f3bffeb12413f947f9388e4cac22c4621ce/sortedcontainers-2.4.0-py2.py3-none-any.whl", hash = "sha256:a163dcaede0f1c021485e957a39245190e74249897e2ae4b2aa38595db237ee0", size = 29575, upload-time = "2021-05-16T22:03:41.177Z" },
]
